// !$*UTF8*$!
{
	archiveVersion = 1;
	classes = {
	};
	objectVersion = 56;
	objects = {

/* Begin PBXBuildFile section */
		21CE95C02C21DE4F00A63A68 /* ChessBoardGame.swift in Sources */ = {isa = PBXBuildFile; fileRef = 21E152FB25AB930300CD9FF3 /* ChessBoardGame.swift */; };
		21CE95C12C21DE4F00A63A68 /* Piece.swift in Sources */ = {isa = PBXBuildFile; fileRef = 21E152F625AB907700CD9FF3 /* Piece.swift */; };
		21CE95C22C21DE4F00A63A68 /* ChessAI.swift in Sources */ = {isa = PBXBuildFile; fileRef = 212B7AC325D1D712000680E6 /* ChessAI.swift */; };
		21CE95C32C21DE4F00A63A68 /* GameView.swift in Sources */ = {isa = PBXBuildFile; fileRef = 214DE98325AB7E2A004793BF /* GameView.swift */; };
		21CE95C42C21DE4F00A63A68 /* BackgroundLayer.swift in Sources */ = {isa = PBXBuildFile; fileRef = 214FDCD225B474C70062240D /* BackgroundLayer.swift */; };
		21CE95C52C21DE4F00A63A68 /* MoveLayer.swift in Sources */ = {isa = PBXBuildFile; fileRef = 214FDCD725B475B40062240D /* MoveLayer.swift */; };
		21CE95C62C21DE4F00A63A68 /* PieceView.swift in Sources */ = {isa = PBXBuildFile; fileRef = 214FDCDC25B479BC0062240D /* PieceView.swift */; };
		21CE95C72C21DE4F00A63A68 /* ChessButtonStyle.swift in Sources */ = {isa = PBXBuildFile; fileRef = 214FDD1425B725A40062240D /* ChessButtonStyle.swift */; };
		21CE95C82C21DE4F00A63A68 /* MessageView.swift in Sources */ = {isa = PBXBuildFile; fileRef = 217DB8D125C17FB900FF8AAB /* MessageView.swift */; };
		21CE95C92C21DE4F00A63A68 /* PieceReplacementDialog.swift in Sources */ = {isa = PBXBuildFile; fileRef = 21C6D25625C5081B000CDB4D /* PieceReplacementDialog.swift */; };
		21CE95CA2C21DE4F00A63A68 /* Casual_ChessApp.swift in Sources */ = {isa = PBXBuildFile; fileRef = 214DE98125AB7E2A004793BF /* Casual_ChessApp.swift */; };
		21CE95CB2C21DE5D00A63A68 /* Coordinate.swift in Sources */ = {isa = PBXBuildFile; fileRef = 210DA19825B396CD0020CAEC /* Coordinate.swift */; };
		21CE95CC2C21DE7800A63A68 /* Assets.xcassets in Resources */ = {isa = PBXBuildFile; fileRef = 214DE98525AB7E2A004793BF /* Assets.xcassets */; };
		21CE95CD2C21DE7800A63A68 /* Colors.xcassets in Resources */ = {isa = PBXBuildFile; fileRef = 21E1530025ABA16E00CD9FF3 /* Colors.xcassets */; };
/* End PBXBuildFile section */

/* Begin PBXFileReference section */
		210DA19825B396CD0020CAEC /* Coordinate.swift */ = {isa = PBXFileReference; lastKnownFileType = sourcecode.swift; path = Coordinate.swift; sourceTree = "<group>"; };
		212B7AC325D1D712000680E6 /* ChessAI.swift */ = {isa = PBXFileReference; lastKnownFileType = sourcecode.swift; path = ChessAI.swift; sourceTree = "<group>"; };
		214DE98125AB7E2A004793BF /* Casual_ChessApp.swift */ = {isa = PBXFileReference; lastKnownFileType = sourcecode.swift; path = Casual_ChessApp.swift; sourceTree = "<group>"; };
		214DE98325AB7E2A004793BF /* GameView.swift */ = {isa = PBXFileReference; lastKnownFileType = sourcecode.swift; path = GameView.swift; sourceTree = "<group>"; };
		214DE98525AB7E2A004793BF /* Assets.xcassets */ = {isa = PBXFileReference; lastKnownFileType = folder.assetcatalog; path = Assets.xcassets; sourceTree = "<group>"; };
		214FDCD225B474C70062240D /* BackgroundLayer.swift */ = {isa = PBXFileReference; lastKnownFileType = sourcecode.swift; path = BackgroundLayer.swift; sourceTree = "<group>"; };
		214FDCD725B475B40062240D /* MoveLayer.swift */ = {isa = PBXFileReference; lastKnownFileType = sourcecode.swift; path = MoveLayer.swift; sourceTree = "<group>"; };
		214FDCDC25B479BC0062240D /* PieceView.swift */ = {isa = PBXFileReference; lastKnownFileType = sourcecode.swift; path = PieceView.swift; sourceTree = "<group>"; };
		214FDD1425B725A40062240D /* ChessButtonStyle.swift */ = {isa = PBXFileReference; lastKnownFileType = sourcecode.swift; path = ChessButtonStyle.swift; sourceTree = "<group>"; };
		217DB8D125C17FB900FF8AAB /* MessageView.swift */ = {isa = PBXFileReference; lastKnownFileType = sourcecode.swift; path = MessageView.swift; sourceTree = "<group>"; };
		21C6D25625C5081B000CDB4D /* PieceReplacementDialog.swift */ = {isa = PBXFileReference; lastKnownFileType = sourcecode.swift; path = PieceReplacementDialog.swift; sourceTree = "<group>"; };
		21CE95B02C21D7C700A63A68 /* Casual Chess.app */ = {isa = PBXFileReference; explicitFileType = wrapper.application; includeInIndex = 0; path = "Casual Chess.app"; sourceTree = BUILT_PRODUCTS_DIR; };
		21E152F625AB907700CD9FF3 /* Piece.swift */ = {isa = PBXFileReference; lastKnownFileType = sourcecode.swift; path = Piece.swift; sourceTree = "<group>"; };
		21E152FB25AB930300CD9FF3 /* ChessBoardGame.swift */ = {isa = PBXFileReference; lastKnownFileType = sourcecode.swift; path = ChessBoardGame.swift; sourceTree = "<group>"; };
		21E1530025ABA16E00CD9FF3 /* Colors.xcassets */ = {isa = PBXFileReference; lastKnownFileType = folder.assetcatalog; path = Colors.xcassets; sourceTree = "<group>"; };
/* End PBXFileReference section */

/* Begin PBXFrameworksBuildPhase section */
		21CE95AD2C21D7C700A63A68 /* Frameworks */ = {
			isa = PBXFrameworksBuildPhase;
			buildActionMask = 2147483647;
			files = (
			);
			runOnlyForDeploymentPostprocessing = 0;
		};
/* End PBXFrameworksBuildPhase section */

/* Begin PBXGroup section */
		214DE97525AB7E2A004793BF = {
			isa = PBXGroup;
			children = (
				214DE98025AB7E2A004793BF /* Casual Chess */,
				214DE97F25AB7E2A004793BF /* Products */,
			);
			sourceTree = "<group>";
		};
		214DE97F25AB7E2A004793BF /* Products */ = {
			isa = PBXGroup;
			children = (
				21CE95B02C21D7C700A63A68 /* Casual Chess.app */,
			);
			name = Products;
			sourceTree = "<group>";
		};
		214DE98025AB7E2A004793BF /* Casual Chess */ = {
			isa = PBXGroup;
			children = (
				214FDCE425B47A0E0062240D /* Math */,
				219299B125B45486003C3A5D /* Game */,
				219299B025B45453003C3A5D /* Assets and Configurations */,
				219299AF25B45423003C3A5D /* Views */,
				214DE98125AB7E2A004793BF /* Casual_ChessApp.swift */,
			);
			path = "Casual Chess";
			sourceTree = "<group>";
		};
		214FDCE425B47A0E0062240D /* Math */ = {
			isa = PBXGroup;
			children = (
				210DA19825B396CD0020CAEC /* Coordinate.swift */,
			);
			path = Math;
			sourceTree = "<group>";
		};
		219299AF25B45423003C3A5D /* Views */ = {
			isa = PBXGroup;
			children = (
				214DE98325AB7E2A004793BF /* GameView.swift */,
				214FDCD225B474C70062240D /* BackgroundLayer.swift */,
				214FDCD725B475B40062240D /* MoveLayer.swift */,
				214FDCDC25B479BC0062240D /* PieceView.swift */,
				214FDD1425B725A40062240D /* ChessButtonStyle.swift */,
				217DB8D125C17FB900FF8AAB /* MessageView.swift */,
				21C6D25625C5081B000CDB4D /* PieceReplacementDialog.swift */,
			);
			path = Views;
			sourceTree = "<group>";
		};
		219299B025B45453003C3A5D /* Assets and Configurations */ = {
			isa = PBXGroup;
			children = (
				214DE98525AB7E2A004793BF /* Assets.xcassets */,
				21E1530025ABA16E00CD9FF3 /* Colors.xcassets */,
			);
			path = "Assets and Configurations";
			sourceTree = "<group>";
		};
		219299B125B45486003C3A5D /* Game */ = {
			isa = PBXGroup;
			children = (
				21E152FB25AB930300CD9FF3 /* ChessBoardGame.swift */,
				21E152F625AB907700CD9FF3 /* Piece.swift */,
				212B7AC325D1D712000680E6 /* ChessAI.swift */,
			);
			path = Game;
			sourceTree = "<group>";
		};
/* End PBXGroup section */

/* Begin PBXNativeTarget section */
		21CE95AF2C21D7C700A63A68 /* Casual Chess */ = {
			isa = PBXNativeTarget;
			buildConfigurationList = 21CE95BB2C21D7C800A63A68 /* Build configuration list for PBXNativeTarget "Casual Chess" */;
			buildPhases = (
				21CE95AC2C21D7C700A63A68 /* Sources */,
				21CE95AD2C21D7C700A63A68 /* Frameworks */,
				21CE95AE2C21D7C700A63A68 /* Resources */,
			);
			buildRules = (
			);
			dependencies = (
			);
			name = "Casual Chess";
			productName = "Casual Chess";
			productReference = 21CE95B02C21D7C700A63A68 /* Casual Chess.app */;
			productType = "com.apple.product-type.application";
		};
/* End PBXNativeTarget section */

/* Begin PBXProject section */
		214DE97625AB7E2A004793BF /* Project object */ = {
			isa = PBXProject;
			attributes = {
				BuildIndependentTargetsInParallel = YES;
				LastSwiftUpdateCheck = 1540;
				LastUpgradeCheck = 1530;
				TargetAttributes = {
					21CE95AF2C21D7C700A63A68 = {
						CreatedOnToolsVersion = 15.4;
					};
				};
			};
			buildConfigurationList = 214DE97925AB7E2A004793BF /* Build configuration list for PBXProject "Casual Chess" */;
			compatibilityVersion = "Xcode 14.0";
			developmentRegion = en;
			hasScannedForEncodings = 0;
			knownRegions = (
				en,
				Base,
			);
			mainGroup = 214DE97525AB7E2A004793BF;
			productRefGroup = 214DE97F25AB7E2A004793BF /* Products */;
			projectDirPath = "";
			projectRoot = "";
			targets = (
				21CE95AF2C21D7C700A63A68 /* Casual Chess */,
			);
		};
/* End PBXProject section */

/* Begin PBXResourcesBuildPhase section */
		21CE95AE2C21D7C700A63A68 /* Resources */ = {
			isa = PBXResourcesBuildPhase;
			buildActionMask = 2147483647;
			files = (
				21CE95CC2C21DE7800A63A68 /* Assets.xcassets in Resources */,
				21CE95CD2C21DE7800A63A68 /* Colors.xcassets in Resources */,
			);
			runOnlyForDeploymentPostprocessing = 0;
		};
/* End PBXResourcesBuildPhase section */

/* Begin PBXSourcesBuildPhase section */
		21CE95AC2C21D7C700A63A68 /* Sources */ = {
			isa = PBXSourcesBuildPhase;
			buildActionMask = 2147483647;
			files = (
				21CE95CB2C21DE5D00A63A68 /* Coordinate.swift in Sources */,
				21CE95C02C21DE4F00A63A68 /* ChessBoardGame.swift in Sources */,
				21CE95C12C21DE4F00A63A68 /* Piece.swift in Sources */,
				21CE95C22C21DE4F00A63A68 /* ChessAI.swift in Sources */,
				21CE95C32C21DE4F00A63A68 /* GameView.swift in Sources */,
				21CE95C42C21DE4F00A63A68 /* BackgroundLayer.swift in Sources */,
				21CE95C52C21DE4F00A63A68 /* MoveLayer.swift in Sources */,
				21CE95C62C21DE4F00A63A68 /* PieceView.swift in Sources */,
				21CE95C72C21DE4F00A63A68 /* ChessButtonStyle.swift in Sources */,
				21CE95C82C21DE4F00A63A68 /* MessageView.swift in Sources */,
				21CE95C92C21DE4F00A63A68 /* PieceReplacementDialog.swift in Sources */,
				21CE95CA2C21DE4F00A63A68 /* Casual_ChessApp.swift in Sources */,
			);
			runOnlyForDeploymentPostprocessing = 0;
		};
/* End PBXSourcesBuildPhase section */

/* Begin XCBuildConfiguration section */
		214DE9A125AB7E2A004793BF /* Debug */ = {
			isa = XCBuildConfiguration;
			buildSettings = {
				ALWAYS_SEARCH_USER_PATHS = NO;
				ASSETCATALOG_COMPILER_GENERATE_SWIFT_ASSET_SYMBOL_EXTENSIONS = YES;
				CLANG_ANALYZER_NONNULL = YES;
				CLANG_ANALYZER_NUMBER_OBJECT_CONVERSION = YES_AGGRESSIVE;
				CLANG_CXX_LANGUAGE_STANDARD = "gnu++14";
				CLANG_CXX_LIBRARY = "libc++";
				CLANG_ENABLE_MODULES = YES;
				CLANG_ENABLE_OBJC_ARC = YES;
				CLANG_ENABLE_OBJC_WEAK = YES;
				CLANG_WARN_BLOCK_CAPTURE_AUTORELEASING = YES;
				CLANG_WARN_BOOL_CONVERSION = YES;
				CLANG_WARN_COMMA = YES;
				CLANG_WARN_CONSTANT_CONVERSION = YES;
				CLANG_WARN_DEPRECATED_OBJC_IMPLEMENTATIONS = YES;
				CLANG_WARN_DIRECT_OBJC_ISA_USAGE = YES_ERROR;
				CLANG_WARN_DOCUMENTATION_COMMENTS = YES;
				CLANG_WARN_EMPTY_BODY = YES;
				CLANG_WARN_ENUM_CONVERSION = YES;
				CLANG_WARN_INFINITE_RECURSION = YES;
				CLANG_WARN_INT_CONVERSION = YES;
				CLANG_WARN_NON_LITERAL_NULL_CONVERSION = YES;
				CLANG_WARN_OBJC_IMPLICIT_RETAIN_SELF = YES;
				CLANG_WARN_OBJC_LITERAL_CONVERSION = YES;
				CLANG_WARN_OBJC_ROOT_CLASS = YES_ERROR;
				CLANG_WARN_QUOTED_INCLUDE_IN_FRAMEWORK_HEADER = YES;
				CLANG_WARN_RANGE_LOOP_ANALYSIS = YES;
				CLANG_WARN_STRICT_PROTOTYPES = YES;
				CLANG_WARN_SUSPICIOUS_MOVE = YES;
				CLANG_WARN_UNGUARDED_AVAILABILITY = YES_AGGRESSIVE;
				CLANG_WARN_UNREACHABLE_CODE = YES;
				CLANG_WARN__DUPLICATE_METHOD_MATCH = YES;
				COPY_PHASE_STRIP = NO;
				DEBUG_INFORMATION_FORMAT = dwarf;
				EMBED_ASSET_PACKS_IN_PRODUCT_BUNDLE = YES;
				ENABLE_STRICT_OBJC_MSGSEND = YES;
				ENABLE_TESTABILITY = YES;
				ENABLE_USER_SCRIPT_SANDBOXING = YES;
				GCC_C_LANGUAGE_STANDARD = gnu11;
				GCC_DYNAMIC_NO_PIC = NO;
				GCC_NO_COMMON_BLOCKS = YES;
				GCC_OPTIMIZATION_LEVEL = 0;
				GCC_PREPROCESSOR_DEFINITIONS = (
					"DEBUG=1",
					"$(inherited)",
				);
				GCC_WARN_64_TO_32_BIT_CONVERSION = YES;
				GCC_WARN_ABOUT_RETURN_TYPE = YES_ERROR;
				GCC_WARN_UNDECLARED_SELECTOR = YES;
				GCC_WARN_UNINITIALIZED_AUTOS = YES_AGGRESSIVE;
				GCC_WARN_UNUSED_FUNCTION = YES;
				GCC_WARN_UNUSED_VARIABLE = YES;
				INFOPLIST_KEY_UIRequiresFullScreen = NO;
				IPHONEOS_DEPLOYMENT_TARGET = 15.0;
				MTL_ENABLE_DEBUG_INFO = INCLUDE_SOURCE;
				MTL_FAST_MATH = YES;
				ONLY_ACTIVE_ARCH = YES;
				PRODUCT_NAME = Casual_Chess;
				SDKROOT = iphoneos;
				SWIFT_ACTIVE_COMPILATION_CONDITIONS = DEBUG;
				SWIFT_OPTIMIZATION_LEVEL = "-Onone";
				SWIFT_VERSION = 5.0;
			};
			name = Debug;
		};
		214DE9A225AB7E2A004793BF /* Release */ = {
			isa = XCBuildConfiguration;
			buildSettings = {
				ALWAYS_SEARCH_USER_PATHS = NO;
				ASSETCATALOG_COMPILER_GENERATE_SWIFT_ASSET_SYMBOL_EXTENSIONS = YES;
				CLANG_ANALYZER_NONNULL = YES;
				CLANG_ANALYZER_NUMBER_OBJECT_CONVERSION = YES_AGGRESSIVE;
				CLANG_CXX_LANGUAGE_STANDARD = "gnu++14";
				CLANG_CXX_LIBRARY = "libc++";
				CLANG_ENABLE_MODULES = YES;
				CLANG_ENABLE_OBJC_ARC = YES;
				CLANG_ENABLE_OBJC_WEAK = YES;
				CLANG_WARN_BLOCK_CAPTURE_AUTORELEASING = YES;
				CLANG_WARN_BOOL_CONVERSION = YES;
				CLANG_WARN_COMMA = YES;
				CLANG_WARN_CONSTANT_CONVERSION = YES;
				CLANG_WARN_DEPRECATED_OBJC_IMPLEMENTATIONS = YES;
				CLANG_WARN_DIRECT_OBJC_ISA_USAGE = YES_ERROR;
				CLANG_WARN_DOCUMENTATION_COMMENTS = YES;
				CLANG_WARN_EMPTY_BODY = YES;
				CLANG_WARN_ENUM_CONVERSION = YES;
				CLANG_WARN_INFINITE_RECURSION = YES;
				CLANG_WARN_INT_CONVERSION = YES;
				CLANG_WARN_NON_LITERAL_NULL_CONVERSION = YES;
				CLANG_WARN_OBJC_IMPLICIT_RETAIN_SELF = YES;
				CLANG_WARN_OBJC_LITERAL_CONVERSION = YES;
				CLANG_WARN_OBJC_ROOT_CLASS = YES_ERROR;
				CLANG_WARN_QUOTED_INCLUDE_IN_FRAMEWORK_HEADER = YES;
				CLANG_WARN_RANGE_LOOP_ANALYSIS = YES;
				CLANG_WARN_STRICT_PROTOTYPES = YES;
				CLANG_WARN_SUSPICIOUS_MOVE = YES;
				CLANG_WARN_UNGUARDED_AVAILABILITY = YES_AGGRESSIVE;
				CLANG_WARN_UNREACHABLE_CODE = YES;
				CLANG_WARN__DUPLICATE_METHOD_MATCH = YES;
				COPY_PHASE_STRIP = NO;
				DEBUG_INFORMATION_FORMAT = "dwarf-with-dsym";
				EMBED_ASSET_PACKS_IN_PRODUCT_BUNDLE = YES;
				ENABLE_NS_ASSERTIONS = NO;
				ENABLE_STRICT_OBJC_MSGSEND = YES;
				ENABLE_USER_SCRIPT_SANDBOXING = YES;
				GCC_C_LANGUAGE_STANDARD = gnu11;
				GCC_NO_COMMON_BLOCKS = YES;
				GCC_WARN_64_TO_32_BIT_CONVERSION = YES;
				GCC_WARN_ABOUT_RETURN_TYPE = YES_ERROR;
				GCC_WARN_UNDECLARED_SELECTOR = YES;
				GCC_WARN_UNINITIALIZED_AUTOS = YES_AGGRESSIVE;
				GCC_WARN_UNUSED_FUNCTION = YES;
				GCC_WARN_UNUSED_VARIABLE = YES;
				INFOPLIST_KEY_UIRequiresFullScreen = NO;
				IPHONEOS_DEPLOYMENT_TARGET = 15.0;
				MTL_ENABLE_DEBUG_INFO = NO;
				MTL_FAST_MATH = YES;
				PRODUCT_NAME = Casual_Chess;
				SDKROOT = iphoneos;
				SWIFT_COMPILATION_MODE = wholemodule;
				SWIFT_OPTIMIZATION_LEVEL = "-O";
				SWIFT_VERSION = 5.0;
				VALIDATE_PRODUCT = YES;
			};
			name = Release;
		};
		21CE95BC2C21D7C800A63A68 /* Debug */ = {
			isa = XCBuildConfiguration;
			buildSettings = {
				ASSETCATALOG_COMPILER_APPICON_NAME = AppIcon;
				ASSETCATALOG_COMPILER_GLOBAL_ACCENT_COLOR_NAME = AccentColor;
				CLANG_CXX_LANGUAGE_STANDARD = "gnu++20";
				CODE_SIGN_STYLE = Automatic;
				CURRENT_PROJECT_VERSION = 1;
				DEVELOPMENT_ASSET_PATHS = "\"Casual Chess/Casual_ChessApp.swift\"";
				DEVELOPMENT_TEAM = R2YVCZ58UE;
				ENABLE_PREVIEWS = YES;
				GCC_C_LANGUAGE_STANDARD = gnu17;
				GENERATE_INFOPLIST_FILE = YES;
				INFOPLIST_FILE = "";
				INFOPLIST_KEY_UIApplicationSceneManifest_Generation = YES;
				INFOPLIST_KEY_UIApplicationSupportsIndirectInputEvents = YES;
				INFOPLIST_KEY_UILaunchScreen_Generation = YES;
				INFOPLIST_KEY_UIRequiresFullScreen = YES;
				INFOPLIST_KEY_UISupportedInterfaceOrientations = UIInterfaceOrientationPortrait;
				INFOPLIST_KEY_UISupportedInterfaceOrientations_iPad = "UIInterfaceOrientationPortrait UIInterfaceOrientationPortraitUpsideDown";
				IPHONEOS_DEPLOYMENT_TARGET = 15.0;
				LD_RUNPATH_SEARCH_PATHS = (
					"$(inherited)",
					"@executable_path/Frameworks",
				);
				LOCALIZATION_PREFERS_STRING_CATALOGS = YES;
				MARKETING_VERSION = 1.0;
				PRODUCT_BUNDLE_IDENTIFIER = "com.christophprenissl.Casual-Chess";
				PRODUCT_NAME = "$(TARGET_NAME)";
				SWIFT_ACTIVE_COMPILATION_CONDITIONS = "DEBUG $(inherited)";
				SWIFT_EMIT_LOC_STRINGS = YES;
				SWIFT_VERSION = 5.0;
				TARGETED_DEVICE_FAMILY = "1,2";
			};
			name = Debug;
		};
		21CE95BD2C21D7C800A63A68 /* Release */ = {
			isa = XCBuildConfiguration;
			buildSettings = {
				ASSETCATALOG_COMPILER_APPICON_NAME = AppIcon;
				ASSETCATALOG_COMPILER_GLOBAL_ACCENT_COLOR_NAME = AccentColor;
				CLANG_CXX_LANGUAGE_STANDARD = "gnu++20";
				CODE_SIGN_STYLE = Automatic;
				CURRENT_PROJECT_VERSION = 1;
				DEVELOPMENT_ASSET_PATHS = "\"Casual Chess/Casual_ChessApp.swift\"";
				DEVELOPMENT_TEAM = R2YVCZ58UE;
				ENABLE_PREVIEWS = YES;
				GCC_C_LANGUAGE_STANDARD = gnu17;
				GENERATE_INFOPLIST_FILE = YES;
				INFOPLIST_FILE = "";
				INFOPLIST_KEY_UIApplicationSceneManifest_Generation = YES;
				INFOPLIST_KEY_UIApplicationSupportsIndirectInputEvents = YES;
				INFOPLIST_KEY_UILaunchScreen_Generation = YES;
				INFOPLIST_KEY_UIRequiresFullScreen = YES;
				INFOPLIST_KEY_UISupportedInterfaceOrientations = UIInterfaceOrientationPortrait;
				INFOPLIST_KEY_UISupportedInterfaceOrientations_iPad = "UIInterfaceOrientationPortrait UIInterfaceOrientationPortraitUpsideDown";
				IPHONEOS_DEPLOYMENT_TARGET = 15.0;
				LD_RUNPATH_SEARCH_PATHS = (
					"$(inherited)",
					"@executable_path/Frameworks",
				);
				LOCALIZATION_PREFERS_STRING_CATALOGS = YES;
				MARKETING_VERSION = 1.0;
				PRODUCT_BUNDLE_IDENTIFIER = "com.christophprenissl.Casual-Chess";
				PRODUCT_NAME = "$(TARGET_NAME)";
				SWIFT_EMIT_LOC_STRINGS = YES;
				SWIFT_VERSION = 5.0;
				TARGETED_DEVICE_FAMILY = "1,2";
			};
			name = Release;
		};
/* End XCBuildConfiguration section */

/* Begin XCConfigurationList section */
		214DE97925AB7E2A004793BF /* Build configuration list for PBXProject "Casual Chess" */ = {
			isa = XCConfigurationList;
			buildConfigurations = (
				214DE9A125AB7E2A004793BF /* Debug */,
				214DE9A225AB7E2A004793BF /* Release */,
			);
			defaultConfigurationIsVisible = 0;
			defaultConfigurationName = Release;
		};
		21CE95BB2C21D7C800A63A68 /* Build configuration list for PBXNativeTarget "Casual Chess" */ = {
			isa = XCConfigurationList;
			buildConfigurations = (
				21CE95BC2C21D7C800A63A68 /* Debug */,
				21CE95BD2C21D7C800A63A68 /* Release */,
			);
			defaultConfigurationIsVisible = 0;
			defaultConfigurationName = Release;
		};
/* End XCConfigurationList section */
	};
	rootObject = 214DE97625AB7E2A004793BF /* Project object */;
}
